Microsoft Visual Studio Solution File, Format Version 12.00
# Visual Studio Version 17
VisualStudioVersion = 17.5.2.0
MinimumVisualStudioVersion = 10.0.40219.1
Project("{FAE04EC0-301F-11D3-BF4B-00C04F79EFBC}") = "BookingSystem", "src\BookingSystem.csproj", "{CAB1931A-EB58-7F92-CEDD-C20D73D11E95}"
EndProject
Global
	GlobalSection(SolutionConfigurationPlatforms) = preSolution
		Debug|Any CPU = Debug|Any CPU
		Release|Any CPU = Release|Any CPU
	EndGlobalSection
	GlobalSection(ProjectConfigurationPlatforms) = postSolution
		{CAB1931A-EB58-7F92-CEDD-C20D73D11E95}.Debug|Any CPU.ActiveCfg = Debug|Any CPU
		{CAB1931A-EB58-7F92-CEDD-C20D73D11E95}.Debug|Any CPU.Build.0 = Debug|Any CPU
		{CAB1931A-EB58-7F92-CEDD-C20D73D11E95}.Release|Any CPU.ActiveCfg = Release|Any CPU
		{CAB1931A-EB58-7F92-CEDD-C20D73D11E95}.Release|Any CPU.Build.0 = Release|Any CPU
	EndGlobalSection
	GlobalSection(SolutionProperties) = preSolution
		HideSolutionNode = FALSE
	EndGlobalSection
	GlobalSection(ExtensibilityGlobals) = postSolution
		SolutionGuid = {C1DBFD85-CFC2-4DF0-8E4E-1954D3949F94}
	EndGlobalSection
EndGlobal
