
Microsoft Visual Studio Solution File, Format Version 12.00
# Visual Studio Version 17
VisualStudioVersion = 17.0.31903.59
MinimumVisualStudioVersion = 10.0.40219.1
Project("{FAE04EC0-301F-11D3-BF4B-00C04F79EFBC}") = "BookingSystem.Web", "BookingSystem.Web\BookingSystem.Web.csproj", "{929F975F-7032-4D41-B47A-50CEAB2C3FDC}"
EndProject
Project("{FAE04EC0-301F-11D3-BF4B-00C04F79EFBC}") = "BookingSystem.Data", "BookingSystem.Data\BookingSystem.Data.csproj", "{A58BA705-3171-45B0-809A-1317CEED9F12}"
EndProject
Project("{FAE04EC0-301F-11D3-BF4B-00C04F79EFBC}") = "BookingSystem.Data.Tests", "BookingSystem.Data.Tests\BookingSystem.Data.Tests.csproj", "{FEED9CA0-68EF-41F1-86AD-980FE1D31C50}"
EndProject
Project("{FAE04EC0-301F-11D3-BF4B-00C04F79EFBC}") = "BookingSystem.Core", "BookingSystem.Core\BookingSystem.Core.csproj", "{C07CD2EE-D06D-43B3-BF22-AE76E813D7C0}"
EndProject
Project("{FAE04EC0-301F-11D3-BF4B-00C04F79EFBC}") = "BookingSystem.Core.Tests", "BookingSystem.Core.Tests\BookingSystem.Core.Tests.csproj", "{09B73BD7-C9A1-46F1-A205-95F58DF6585E}"
EndProject
Global
	GlobalSection(SolutionConfigurationPlatforms) = preSolution
		Debug|Any CPU = Debug|Any CPU
		Debug|x64 = Debug|x64
		Debug|x86 = Debug|x86
		Release|Any CPU = Release|Any CPU
		Release|x64 = Release|x64
		Release|x86 = Release|x86
	EndGlobalSection
	GlobalSection(ProjectConfigurationPlatforms) = postSolution
		{929F975F-7032-4D41-B47A-50CEAB2C3FDC}.Debug|Any CPU.ActiveCfg = Debug|Any CPU
		{929F975F-7032-4D41-B47A-50CEAB2C3FDC}.Debug|Any CPU.Build.0 = Debug|Any CPU
		{929F975F-7032-4D41-B47A-50CEAB2C3FDC}.Debug|x64.ActiveCfg = Debug|Any CPU
		{929F975F-7032-4D41-B47A-50CEAB2C3FDC}.Debug|x64.Build.0 = Debug|Any CPU
		{929F975F-7032-4D41-B47A-50CEAB2C3FDC}.Debug|x86.ActiveCfg = Debug|Any CPU
		{929F975F-7032-4D41-B47A-50CEAB2C3FDC}.Debug|x86.Build.0 = Debug|Any CPU
		{929F975F-7032-4D41-B47A-50CEAB2C3FDC}.Release|Any CPU.ActiveCfg = Release|Any CPU
		{929F975F-7032-4D41-B47A-50CEAB2C3FDC}.Release|Any CPU.Build.0 = Release|Any CPU
		{929F975F-7032-4D41-B47A-50CEAB2C3FDC}.Release|x64.ActiveCfg = Release|Any CPU
		{929F975F-7032-4D41-B47A-50CEAB2C3FDC}.Release|x64.Build.0 = Release|Any CPU
		{929F975F-7032-4D41-B47A-50CEAB2C3FDC}.Release|x86.ActiveCfg = Release|Any CPU
		{929F975F-7032-4D41-B47A-50CEAB2C3FDC}.Release|x86.Build.0 = Release|Any CPU
		{A58BA705-3171-45B0-809A-1317CEED9F12}.Debug|Any CPU.ActiveCfg = Debug|Any CPU
		{A58BA705-3171-45B0-809A-1317CEED9F12}.Debug|Any CPU.Build.0 = Debug|Any CPU
		{A58BA705-3171-45B0-809A-1317CEED9F12}.Debug|x64.ActiveCfg = Debug|Any CPU
		{A58BA705-3171-45B0-809A-1317CEED9F12}.Debug|x64.Build.0 = Debug|Any CPU
		{A58BA705-3171-45B0-809A-1317CEED9F12}.Debug|x86.ActiveCfg = Debug|Any CPU
		{A58BA705-3171-45B0-809A-1317CEED9F12}.Debug|x86.Build.0 = Debug|Any CPU
		{A58BA705-3171-45B0-809A-1317CEED9F12}.Release|Any CPU.ActiveCfg = Release|Any CPU
		{A58BA705-3171-45B0-809A-1317CEED9F12}.Release|Any CPU.Build.0 = Release|Any CPU
		{A58BA705-3171-45B0-809A-1317CEED9F12}.Release|x64.ActiveCfg = Release|Any CPU
		{A58BA705-3171-45B0-809A-1317CEED9F12}.Release|x64.Build.0 = Release|Any CPU
		{A58BA705-3171-45B0-809A-1317CEED9F12}.Release|x86.ActiveCfg = Release|Any CPU
		{A58BA705-3171-45B0-809A-1317CEED9F12}.Release|x86.Build.0 = Release|Any CPU
		{FEED9CA0-68EF-41F1-86AD-980FE1D31C50}.Debug|Any CPU.ActiveCfg = Debug|Any CPU
		{FEED9CA0-68EF-41F1-86AD-980FE1D31C50}.Debug|Any CPU.Build.0 = Debug|Any CPU
		{FEED9CA0-68EF-41F1-86AD-980FE1D31C50}.Debug|x64.ActiveCfg = Debug|Any CPU
		{FEED9CA0-68EF-41F1-86AD-980FE1D31C50}.Debug|x64.Build.0 = Debug|Any CPU
		{FEED9CA0-68EF-41F1-86AD-980FE1D31C50}.Debug|x86.ActiveCfg = Debug|Any CPU
		{FEED9CA0-68EF-41F1-86AD-980FE1D31C50}.Debug|x86.Build.0 = Debug|Any CPU
		{FEED9CA0-68EF-41F1-86AD-980FE1D31C50}.Release|Any CPU.ActiveCfg = Release|Any CPU
		{FEED9CA0-68EF-41F1-86AD-980FE1D31C50}.Release|Any CPU.Build.0 = Release|Any CPU
		{FEED9CA0-68EF-41F1-86AD-980FE1D31C50}.Release|x64.ActiveCfg = Release|Any CPU
		{FEED9CA0-68EF-41F1-86AD-980FE1D31C50}.Release|x64.Build.0 = Release|Any CPU
		{FEED9CA0-68EF-41F1-86AD-980FE1D31C50}.Release|x86.ActiveCfg = Release|Any CPU
		{FEED9CA0-68EF-41F1-86AD-980FE1D31C50}.Release|x86.Build.0 = Release|Any CPU
		{C07CD2EE-D06D-43B3-BF22-AE76E813D7C0}.Debug|Any CPU.ActiveCfg = Debug|Any CPU
		{C07CD2EE-D06D-43B3-BF22-AE76E813D7C0}.Debug|Any CPU.Build.0 = Debug|Any CPU
		{C07CD2EE-D06D-43B3-BF22-AE76E813D7C0}.Debug|x64.ActiveCfg = Debug|Any CPU
		{C07CD2EE-D06D-43B3-BF22-AE76E813D7C0}.Debug|x64.Build.0 = Debug|Any CPU
		{C07CD2EE-D06D-43B3-BF22-AE76E813D7C0}.Debug|x86.ActiveCfg = Debug|Any CPU
		{C07CD2EE-D06D-43B3-BF22-AE76E813D7C0}.Debug|x86.Build.0 = Debug|Any CPU
		{C07CD2EE-D06D-43B3-BF22-AE76E813D7C0}.Release|Any CPU.ActiveCfg = Release|Any CPU
		{C07CD2EE-D06D-43B3-BF22-AE76E813D7C0}.Release|Any CPU.Build.0 = Release|Any CPU
		{C07CD2EE-D06D-43B3-BF22-AE76E813D7C0}.Release|x64.ActiveCfg = Release|Any CPU
		{C07CD2EE-D06D-43B3-BF22-AE76E813D7C0}.Release|x64.Build.0 = Release|Any CPU
		{C07CD2EE-D06D-43B3-BF22-AE76E813D7C0}.Release|x86.ActiveCfg = Release|Any CPU
		{C07CD2EE-D06D-43B3-BF22-AE76E813D7C0}.Release|x86.Build.0 = Release|Any CPU
		{09B73BD7-C9A1-46F1-A205-95F58DF6585E}.Debug|Any CPU.ActiveCfg = Debug|Any CPU
		{09B73BD7-C9A1-46F1-A205-95F58DF6585E}.Debug|Any CPU.Build.0 = Debug|Any CPU
		{09B73BD7-C9A1-46F1-A205-95F58DF6585E}.Debug|x64.ActiveCfg = Debug|Any CPU
		{09B73BD7-C9A1-46F1-A205-95F58DF6585E}.Debug|x64.Build.0 = Debug|Any CPU
		{09B73BD7-C9A1-46F1-A205-95F58DF6585E}.Debug|x86.ActiveCfg = Debug|Any CPU
		{09B73BD7-C9A1-46F1-A205-95F58DF6585E}.Debug|x86.Build.0 = Debug|Any CPU
		{09B73BD7-C9A1-46F1-A205-95F58DF6585E}.Release|Any CPU.ActiveCfg = Release|Any CPU
		{09B73BD7-C9A1-46F1-A205-95F58DF6585E}.Release|Any CPU.Build.0 = Release|Any CPU
		{09B73BD7-C9A1-46F1-A205-95F58DF6585E}.Release|x64.ActiveCfg = Release|Any CPU
		{09B73BD7-C9A1-46F1-A205-95F58DF6585E}.Release|x64.Build.0 = Release|Any CPU
		{09B73BD7-C9A1-46F1-A205-95F58DF6585E}.Release|x86.ActiveCfg = Release|Any CPU
		{09B73BD7-C9A1-46F1-A205-95F58DF6585E}.Release|x86.Build.0 = Release|Any CPU
	EndGlobalSection
	GlobalSection(SolutionProperties) = preSolution
		HideSolutionNode = FALSE
	EndGlobalSection
EndGlobal
